
Microsoft Visual Studio Solution File, Format Version 12.00
# Visual Studio Version 16
VisualStudioVersion = 16.0.31105.61
MinimumVisualStudioVersion = 10.0.40219.1
Project("{FAE04EC0-301F-11D3-BF4B-00C04F79EFBC}") = "JNJPBackEnd", "JNJPBackEnd\JNJPBackEnd.csproj", "{ADF822B5-D0A4-422C-B881-DE0C3B4A80DF}"
EndProject
Project("{FAE04EC0-301F-11D3-BF4B-00C04F79EFBC}") = "Security", "Security\Security.csproj", "{A7D6C673-D2D8-4366-B3B9-4538BCA807F1}"
EndProject
Global
	GlobalSection(SolutionConfigurationPlatforms) = preSolution
		Debug|Any CPU = Debug|Any CPU
		Release|Any CPU = Release|Any CPU
	EndGlobalSection
	GlobalSection(ProjectConfigurationPlatforms) = postSolution
		{ADF822B5-D0A4-422C-B881-DE0C3B4A80DF}.Debug|Any CPU.ActiveCfg = Debug|Any CPU
		{ADF822B5-D0A4-422C-B881-DE0C3B4A80DF}.Debug|Any CPU.Build.0 = Debug|Any CPU
		{ADF822B5-D0A4-422C-B881-DE0C3B4A80DF}.Release|Any CPU.ActiveCfg = Release|Any CPU
		{ADF822B5-D0A4-422C-B881-DE0C3B4A80DF}.Release|Any CPU.Build.0 = Release|Any CPU
		{A7D6C673-D2D8-4366-B3B9-4538BCA807F1}.Debug|Any CPU.ActiveCfg = Debug|Any CPU
		{A7D6C673-D2D8-4366-B3B9-4538BCA807F1}.Debug|Any CPU.Build.0 = Debug|Any CPU
		{A7D6C673-D2D8-4366-B3B9-4538BCA807F1}.Release|Any CPU.ActiveCfg = Release|Any CPU
		{A7D6C673-D2D8-4366-B3B9-4538BCA807F1}.Release|Any CPU.Build.0 = Release|Any CPU
	EndGlobalSection
	GlobalSection(SolutionProperties) = preSolution
		HideSolutionNode = FALSE
	EndGlobalSection
	GlobalSection(ExtensibilityGlobals) = postSolution
		SolutionGuid = {C65ABBE4-E068-4F4F-8104-3AD382B1E882}
	EndGlobalSection
EndGlobal
